// !$*UTF8*$!
{
	archiveVersion = 1;
	classes = {
	};
	objectVersion = 56;
	objects = {

/* Begin PBXBuildFile section */
		906F5A262AC900CC0047D00B /* main.cpp in Sources */ = {isa = PBXBuildFile; fileRef = 906F5A252AC900CC0047D00B /* main.cpp */; };
		906F5A342AC901480047D00B /* OpenGL.framework in Frameworks */ = {isa = PBXBuildFile; fileRef = 906F5A332AC901480047D00B /* OpenGL.framework */; };
		906F5A362AC9014D0047D00B /* Cocoa.framework in Frameworks */ = {isa = PBXBuildFile; fileRef = 906F5A352AC9014D0047D00B /* Cocoa.framework */; };
		906F5A3A2AC901580047D00B /* SDL2_mixer.framework in Frameworks */ = {isa = PBXBuildFile; fileRef = 906F5A372AC901580047D00B /* SDL2_mixer.framework */; };
		906F5A3B2AC901580047D00B /* SDL2_image.framework in Frameworks */ = {isa = PBXBuildFile; fileRef = 906F5A382AC901580047D00B /* SDL2_image.framework */; };
		906F5A3C2AC901580047D00B /* SDL2.framework in Frameworks */ = {isa = PBXBuildFile; fileRef = 906F5A392AC901580047D00B /* SDL2.framework */; };
		906F5A4B2AC9037C0047D00B /* ShaderProgram.cpp in Sources */ = {isa = PBXBuildFile; fileRef = 906F5A462AC9037B0047D00B /* ShaderProgram.cpp */; };
		906F5A4C2AC9037F0047D00B /* shaders in CopyFiles */ = {isa = PBXBuildFile; fileRef = 906F5A472AC9037B0047D00B /* shaders */; };
/* End PBXBuildFile section */

/* Begin PBXCopyFilesBuildPhase section */
		906F5A202AC900CC0047D00B /* CopyFiles */ = {
			isa = PBXCopyFilesBuildPhase;
			buildActionMask = 12;
			dstPath = "";
			dstSubfolderSpec = 6;
			files = (
				906F5A4C2AC9037F0047D00B /* shaders in CopyFiles */,
			);
			runOnlyForDeploymentPostprocessing = 0;
		};
/* End PBXCopyFilesBuildPhase section */

/* Begin PBXFileReference section */
		906F5A222AC900CC0047D00B /* CS 3113 Project 1 */ = {isa = PBXFileReference; explicitFileType = "compiled.mach-o.executable"; includeInIndex = 0; path = "CS 3113 Project 1"; sourceTree = BUILT_PRODUCTS_DIR; };
		906F5A252AC900CC0047D00B /* main.cpp */ = {isa = PBXFileReference; lastKnownFileType = sourcecode.cpp.cpp; path = main.cpp; sourceTree = "<group>"; };
		906F5A332AC901480047D00B /* OpenGL.framework */ = {isa = PBXFileReference; lastKnownFileType = wrapper.framework; name = OpenGL.framework; path = System/Library/Frameworks/OpenGL.framework; sourceTree = SDKROOT; };
		906F5A352AC9014D0047D00B /* Cocoa.framework */ = {isa = PBXFileReference; lastKnownFileType = wrapper.framework; name = Cocoa.framework; path = System/Library/Frameworks/Cocoa.framework; sourceTree = SDKROOT; };
		906F5A372AC901580047D00B /* SDL2_mixer.framework */ = {isa = PBXFileReference; lastKnownFileType = wrapper.framework; name = SDL2_mixer.framework; path = ../../../../../../../../Library/Frameworks/SDL2_mixer.framework; sourceTree = "<group>"; };
		906F5A382AC901580047D00B /* SDL2_image.framework */ = {isa = PBXFileReference; lastKnownFileType = wrapper.framework; name = SDL2_image.framework; path = ../../../../../../../../Library/Frameworks/SDL2_image.framework; sourceTree = "<group>"; };
		906F5A392AC901580047D00B /* SDL2.framework */ = {isa = PBXFileReference; lastKnownFileType = wrapper.framework; name = SDL2.framework; path = ../../../../../../../../Library/Frameworks/SDL2.framework; sourceTree = "<group>"; };
		906F5A462AC9037B0047D00B /* ShaderProgram.cpp */ = {isa = PBXFileReference; fileEncoding = 4; lastKnownFileType = sourcecode.cpp.cpp; path = ShaderProgram.cpp; sourceTree = "<group>"; };
		906F5A472AC9037B0047D00B /* shaders */ = {isa = PBXFileReference; lastKnownFileType = folder; path = shaders; sourceTree = "<group>"; };
		906F5A482AC9037C0047D00B /* glm */ = {isa = PBXFileReference; lastKnownFileType = folder; path = glm; sourceTree = "<group>"; };
		906F5A492AC9037C0047D00B /* stb_image.h */ = {isa = PBXFileReference; fileEncoding = 4; lastKnownFileType = sourcecode.c.h; path = stb_image.h; sourceTree = "<group>"; };
		906F5A4A2AC9037C0047D00B /* ShaderProgram.h */ = {isa = PBXFileReference; fileEncoding = 4; lastKnownFileType = sourcecode.c.h; path = ShaderProgram.h; sourceTree = "<group>"; };
		90F258AB2ACA23D4008B0C64 /* circle.png */ = {isa = PBXFileReference; lastKnownFileType = image.png; path = circle.png; sourceTree = "<group>"; };
		90F258AC2ACA23D4008B0C64 /* square.png */ = {isa = PBXFileReference; lastKnownFileType = image.png; path = square.png; sourceTree = "<group>"; };
/* End PBXFileReference section */

/* Begin PBXFrameworksBuildPhase section */
		906F5A1F2AC900CC0047D00B /* Frameworks */ = {
			isa = PBXFrameworksBuildPhase;
			buildActionMask = 2147483647;
			files = (
				906F5A3A2AC901580047D00B /* SDL2_mixer.framework in Frameworks */,
				906F5A3B2AC901580047D00B /* SDL2_image.framework in Frameworks */,
				906F5A3C2AC901580047D00B /* SDL2.framework in Frameworks */,
				906F5A362AC9014D0047D00B /* Cocoa.framework in Frameworks */,
				906F5A342AC901480047D00B /* OpenGL.framework in Frameworks */,
			);
			runOnlyForDeploymentPostprocessing = 0;
		};
/* End PBXFrameworksBuildPhase section */

/* Begin PBXGroup section */
		906F5A192AC900CC0047D00B = {
			isa = PBXGroup;
			children = (
				906F5A242AC900CC0047D00B /* CS 3113 Project 1 */,
				906F5A232AC900CC0047D00B /* Products */,
				906F5A322AC901470047D00B /* Frameworks */,
			);
			sourceTree = "<group>";
		};
		906F5A232AC900CC0047D00B /* Products */ = {
			isa = PBXGroup;
			children = (
				906F5A222AC900CC0047D00B /* CS 3113 Project 1 */,
			);
			name = Products;
			sourceTree = "<group>";
		};
		906F5A242AC900CC0047D00B /* CS 3113 Project 1 */ = {
			isa = PBXGroup;
			children = (
				90F258AB2ACA23D4008B0C64 /* circle.png */,
				90F258AC2ACA23D4008B0C64 /* square.png */,
				906F5A482AC9037C0047D00B /* glm */,
				906F5A462AC9037B0047D00B /* ShaderProgram.cpp */,
				906F5A4A2AC9037C0047D00B /* ShaderProgram.h */,
				906F5A472AC9037B0047D00B /* shaders */,
				906F5A492AC9037C0047D00B /* stb_image.h */,
				906F5A252AC900CC0047D00B /* main.cpp */,
			);
			path = "CS 3113 Project 1";
			sourceTree = "<group>";
		};
		906F5A322AC901470047D00B /* Frameworks */ = {
			isa = PBXGroup;
			children = (
				906F5A382AC901580047D00B /* SDL2_image.framework */,
				906F5A372AC901580047D00B /* SDL2_mixer.framework */,
				906F5A392AC901580047D00B /* SDL2.framework */,
				906F5A352AC9014D0047D00B /* Cocoa.framework */,
				906F5A332AC901480047D00B /* OpenGL.framework */,
			);
			name = Frameworks;
			sourceTree = "<group>";
		};
/* End PBXGroup section */

/* Begin PBXNativeTarget section */
		906F5A212AC900CC0047D00B /* CS 3113 Project 1 */ = {
			isa = PBXNativeTarget;
			buildConfigurationList = 906F5A292AC900CC0047D00B /* Build configuration list for PBXNativeTarget "CS 3113 Project 1" */;
			buildPhases = (
				906F5A1E2AC900CC0047D00B /* Sources */,
				906F5A1F2AC900CC0047D00B /* Frameworks */,
				906F5A202AC900CC0047D00B /* CopyFiles */,
			);
			buildRules = (
			);
			dependencies = (
			);
			name = "CS 3113 Project 1";
			productName = "CS 3113 Project 1";
			productReference = 906F5A222AC900CC0047D00B /* CS 3113 Project 1 */;
			productType = "com.apple.product-type.tool";
		};
/* End PBXNativeTarget section */

/* Begin PBXProject section */
		906F5A1A2AC900CC0047D00B /* Project object */ = {
			isa = PBXProject;
			attributes = {
				BuildIndependentTargetsInParallel = 1;
				LastUpgradeCheck = 1430;
				TargetAttributes = {
					906F5A212AC900CC0047D00B = {
						CreatedOnToolsVersion = 14.3.1;
					};
				};
			};
			buildConfigurationList = 906F5A1D2AC900CC0047D00B /* Build configuration list for PBXProject "CS 3113 Project 1" */;
			compatibilityVersion = "Xcode 14.0";
			developmentRegion = en;
			hasScannedForEncodings = 0;
			knownRegions = (
				en,
				Base,
			);
			mainGroup = 906F5A192AC900CC0047D00B;
			productRefGroup = 906F5A232AC900CC0047D00B /* Products */;
			projectDirPath = "";
			projectRoot = "";
			targets = (
				906F5A212AC900CC0047D00B /* CS 3113 Project 1 */,
			);
		};
/* End PBXProject section */

/* Begin PBXSourcesBuildPhase section */
		906F5A1E2AC900CC0047D00B /* Sources */ = {
			isa = PBXSourcesBuildPhase;
			buildActionMask = 2147483647;
			files = (
				906F5A262AC900CC0047D00B /* main.cpp in Sources */,
				906F5A4B2AC9037C0047D00B /* ShaderProgram.cpp in Sources */,
			);
			runOnlyForDeploymentPostprocessing = 0;
		};
/* End PBXSourcesBuildPhase section */

/* Begin XCBuildConfiguration section */
		906F5A272AC900CC0047D00B /* Debug */ = {
			isa = XCBuildConfiguration;
			buildSettings = {
				ALWAYS_SEARCH_USER_PATHS = NO;
				CLANG_ANALYZER_NONNULL = YES;
				CLANG_ANALYZER_NUMBER_OBJECT_CONVERSION = YES_AGGRESSIVE;
				CLANG_CXX_LANGUAGE_STANDARD = "gnu++20";
				CLANG_ENABLE_MODULES = YES;
				CLANG_ENABLE_OBJC_ARC = YES;
				CLANG_ENABLE_OBJC_WEAK = YES;
				CLANG_WARN_BLOCK_CAPTURE_AUTORELEASING = YES;
				CLANG_WARN_BOOL_CONVERSION = YES;
				CLANG_WARN_COMMA = YES;
				CLANG_WARN_CONSTANT_CONVERSION = YES;
				CLANG_WARN_DEPRECATED_OBJC_IMPLEMENTATIONS = YES;
				CLANG_WARN_DIRECT_OBJC_ISA_USAGE = YES_ERROR;
				CLANG_WARN_DOCUMENTATION_COMMENTS = YES;
				CLANG_WARN_EMPTY_BODY = YES;
				CLANG_WARN_ENUM_CONVERSION = YES;
				CLANG_WARN_INFINITE_RECURSION = YES;
				CLANG_WARN_INT_CONVERSION = YES;
				CLANG_WARN_NON_LITERAL_NULL_CONVERSION = YES;
				CLANG_WARN_OBJC_IMPLICIT_RETAIN_SELF = YES;
				CLANG_WARN_OBJC_LITERAL_CONVERSION = YES;
				CLANG_WARN_OBJC_ROOT_CLASS = YES_ERROR;
				CLANG_WARN_QUOTED_INCLUDE_IN_FRAMEWORK_HEADER = YES;
				CLANG_WARN_RANGE_LOOP_ANALYSIS = YES;
				CLANG_WARN_STRICT_PROTOTYPES = YES;
				CLANG_WARN_SUSPICIOUS_MOVE = YES;
				CLANG_WARN_UNGUARDED_AVAILABILITY = YES_AGGRESSIVE;
				CLANG_WARN_UNREACHABLE_CODE = YES;
				CLANG_WARN__DUPLICATE_METHOD_MATCH = YES;
				COPY_PHASE_STRIP = NO;
				DEBUG_INFORMATION_FORMAT = dwarf;
				ENABLE_STRICT_OBJC_MSGSEND = YES;
				ENABLE_TESTABILITY = YES;
				GCC_C_LANGUAGE_STANDARD = gnu11;
				GCC_DYNAMIC_NO_PIC = NO;
				GCC_NO_COMMON_BLOCKS = YES;
				GCC_OPTIMIZATION_LEVEL = 0;
				GCC_PREPROCESSOR_DEFINITIONS = (
					"DEBUG=1",
					"$(inherited)",
				);
				GCC_WARN_64_TO_32_BIT_CONVERSION = YES;
				GCC_WARN_ABOUT_RETURN_TYPE = YES_ERROR;
				GCC_WARN_UNDECLARED_SELECTOR = YES;
				GCC_WARN_UNINITIALIZED_AUTOS = YES_AGGRESSIVE;
				GCC_WARN_UNUSED_FUNCTION = YES;
				GCC_WARN_UNUSED_VARIABLE = YES;
				MACOSX_DEPLOYMENT_TARGET = 13.3;
				MTL_ENABLE_DEBUG_INFO = INCLUDE_SOURCE;
				MTL_FAST_MATH = YES;
				ONLY_ACTIVE_ARCH = YES;
				SDKROOT = macosx;
			};
			name = Debug;
		};
		906F5A282AC900CC0047D00B /* Release */ = {
			isa = XCBuildConfiguration;
			buildSettings = {
				ALWAYS_SEARCH_USER_PATHS = NO;
				CLANG_ANALYZER_NONNULL = YES;
				CLANG_ANALYZER_NUMBER_OBJECT_CONVERSION = YES_AGGRESSIVE;
				CLANG_CXX_LANGUAGE_STANDARD = "gnu++20";
				CLANG_ENABLE_MODULES = YES;
				CLANG_ENABLE_OBJC_ARC = YES;
				CLANG_ENABLE_OBJC_WEAK = YES;
				CLANG_WARN_BLOCK_CAPTURE_AUTORELEASING = YES;
				CLANG_WARN_BOOL_CONVERSION = YES;
				CLANG_WARN_COMMA = YES;
				CLANG_WARN_CONSTANT_CONVERSION = YES;
				CLANG_WARN_DEPRECATED_OBJC_IMPLEMENTATIONS = YES;
				CLANG_WARN_DIRECT_OBJC_ISA_USAGE = YES_ERROR;
				CLANG_WARN_DOCUMENTATION_COMMENTS = YES;
				CLANG_WARN_EMPTY_BODY = YES;
				CLANG_WARN_ENUM_CONVERSION = YES;
				CLANG_WARN_INFINITE_RECURSION = YES;
				CLANG_WARN_INT_CONVERSION = YES;
				CLANG_WARN_NON_LITERAL_NULL_CONVERSION = YES;
				CLANG_WARN_OBJC_IMPLICIT_RETAIN_SELF = YES;
				CLANG_WARN_OBJC_LITERAL_CONVERSION = YES;
				CLANG_WARN_OBJC_ROOT_CLASS = YES_ERROR;
				CLANG_WARN_QUOTED_INCLUDE_IN_FRAMEWORK_HEADER = YES;
				CLANG_WARN_RANGE_LOOP_ANALYSIS = YES;
				CLANG_WARN_STRICT_PROTOTYPES = YES;
				CLANG_WARN_SUSPICIOUS_MOVE = YES;
				CLANG_WARN_UNGUARDED_AVAILABILITY = YES_AGGRESSIVE;
				CLANG_WARN_UNREACHABLE_CODE = YES;
				CLANG_WARN__DUPLICATE_METHOD_MATCH = YES;
				COPY_PHASE_STRIP = NO;
				DEBUG_INFORMATION_FORMAT = "dwarf-with-dsym";
				ENABLE_NS_ASSERTIONS = NO;
				ENABLE_STRICT_OBJC_MSGSEND = YES;
				GCC_C_LANGUAGE_STANDARD = gnu11;
				GCC_NO_COMMON_BLOCKS = YES;
				GCC_WARN_64_TO_32_BIT_CONVERSION = YES;
				GCC_WARN_ABOUT_RETURN_TYPE = YES_ERROR;
				GCC_WARN_UNDECLARED_SELECTOR = YES;
				GCC_WARN_UNINITIALIZED_AUTOS = YES_AGGRESSIVE;
				GCC_WARN_UNUSED_FUNCTION = YES;
				GCC_WARN_UNUSED_VARIABLE = YES;
				MACOSX_DEPLOYMENT_TARGET = 13.3;
				MTL_ENABLE_DEBUG_INFO = NO;
				MTL_FAST_MATH = YES;
				SDKROOT = macosx;
			};
			name = Release;
		};
		906F5A2A2AC900CC0047D00B /* Debug */ = {
			isa = XCBuildConfiguration;
			buildSettings = {
				CODE_SIGN_STYLE = Automatic;
				"EXCLUDED_ARCHS[sdk=*]" = arg64;
				FRAMEWORK_SEARCH_PATHS = (
					"$(inherited)",
					"$(LOCAL_LIBRARY_DIR)/Frameworks",
				);
				HEADER_SEARCH_PATHS = (
					/Library/Frameworks/SDL2.framework/Versions/A/Headers,
					/Library/Frameworks/SDL2_image.framework/Versions/A/Headers,
				);
				MACOSX_DEPLOYMENT_TARGET = 11.3;
				PRODUCT_NAME = "$(TARGET_NAME)";
			};
			name = Debug;
		};
		906F5A2B2AC900CC0047D00B /* Release */ = {
			isa = XCBuildConfiguration;
			buildSettings = {
				CODE_SIGN_STYLE = Automatic;
				FRAMEWORK_SEARCH_PATHS = (
					"$(inherited)",
					"$(LOCAL_LIBRARY_DIR)/Frameworks",
				);
				HEADER_SEARCH_PATHS = (
					/Library/Frameworks/SDL2.framework/Versions/A/Headers,
					/Library/Frameworks/SDL2_image.framework/Versions/A/Headers,
				);
				MACOSX_DEPLOYMENT_TARGET = 11.3;
				PRODUCT_NAME = "$(TARGET_NAME)";
			};
			name = Release;
		};
/* End XCBuildConfiguration section */

/* Begin XCConfigurationList section */
		906F5A1D2AC900CC0047D00B /* Build configuration list for PBXProject "CS 3113 Project 1" */ = {
			isa = XCConfigurationList;
			buildConfigurations = (
				906F5A272AC900CC0047D00B /* Debug */,
				906F5A282AC900CC0047D00B /* Release */,
			);
			defaultConfigurationIsVisible = 0;
			defaultConfigurationName = Release;
		};
		906F5A292AC900CC0047D00B /* Build configuration list for PBXNativeTarget "CS 3113 Project 1" */ = {
			isa = XCConfigurationList;
			buildConfigurations = (
				906F5A2A2AC900CC0047D00B /* Debug */,
				906F5A2B2AC900CC0047D00B /* Release */,
			);
			defaultConfigurationIsVisible = 0;
			defaultConfigurationName = Release;
		};
/* End XCConfigurationList section */
	};
	rootObject = 906F5A1A2AC900CC0047D00B /* Project object */;
}
